// !$*UTF8*$!
{
	archiveVersion = 1;
	classes = {
	};
	objectVersion = 56;
	objects = {
		641C00092C7264B800D4C3A1 /* DepthAnythingV2SmallF16.mlpackage */ = {
			isa = PBXFileReference;
			lastKnownFileType = folder.mlpackage;
			path = "../Depth-Anything-V2/models/DepthAnythingV2SmallF16.mlpackage";
			sourceTree = SOURCE_ROOT;
		};
		641C000A2C7264B800D4C3A1 /* PBXBuildFile */ = {
			isa = PBXBuildFile;
			fileRef = 641C00092C7264B800D4C3A1;
		};
		641C00112C7264B800D4C3A1 /* DepthPlayerApp.swift */ = {
			isa = PBXFileReference;
			lastKnownFileType = sourcecode.swift;
			path = "DepthPlayer/DepthPlayerApp.swift";
			sourceTree = SOURCE_ROOT;
		};
		641C00122C7264B800D4C3A1 /* ContentView.swift */ = {
			isa = PBXFileReference;
			lastKnownFileType = sourcecode.swift;
			path = "DepthPlayer/Views/ContentView.swift";
			sourceTree = SOURCE_ROOT;
		};
		641C00132C7264B800D4C3A1 /* StereoVideoPlayerView.swift */ = {
			isa = PBXFileReference;
			lastKnownFileType = sourcecode.swift;
			path = "DepthPlayer/Views/StereoVideoPlayerView.swift";
			sourceTree = SOURCE_ROOT;
		};
		641C00142C7264B800D4C3A1 /* DepthAnythingEstimator.swift */ = {
			isa = PBXFileReference;
			lastKnownFileType = sourcecode.swift;
			path = "DepthPlayer/Utilities/DepthAnythingEstimator.swift";
			sourceTree = SOURCE_ROOT;
		};
		641C004A2C7264B800D4C3A1 /* PlaybackFaultLogger.swift */ = {
			isa = PBXFileReference;
			lastKnownFileType = sourcecode.swift;
			path = "DepthPlayer/Utilities/PlaybackFaultLogger.swift";
			sourceTree = SOURCE_ROOT;
		};
		641C00502C7264B800D4C3A1 /* AppleDiagnostics.swift */ = {
			isa = PBXFileReference;
			lastKnownFileType = sourcecode.swift;
			path = "DepthPlayer/Utilities/AppleDiagnostics.swift";
			sourceTree = SOURCE_ROOT;
		};
		641C00522C7264B800D4C3A1 /* Video3DConfiguration.swift */ = {
			isa = PBXFileReference;
			lastKnownFileType = sourcecode.swift;
			path = "DepthPlayer/Utilities/Video3DConfiguration.swift";
			sourceTree = SOURCE_ROOT;
		};
		641C00152C7264B800D4C3A1 /* Info.plist */ = {
			isa = PBXFileReference;
			lastKnownFileType = text.plist.xml;
			path = "DepthPlayer/Info.plist";
			sourceTree = SOURCE_ROOT;
		};
		641C00162C7264B800D4C3A1 /* Assets.xcassets */ = {
			isa = PBXFileReference;
			lastKnownFileType = folder.assetcatalog;
			path = "DepthPlayer/Assets.xcassets";
			sourceTree = SOURCE_ROOT;
		};
		641C00422C7264B800D4C3A1 /* Metal.framework */ = {
			isa = PBXFileReference;
			lastKnownFileType = wrapper.framework;
			name = Metal.framework;
			path = System/Library/Frameworks/Metal.framework;
			sourceTree = SDKROOT;
		};
		641C00442C7264B800D4C3A1 /* MetalKit.framework */ = {
			isa = PBXFileReference;
			lastKnownFileType = wrapper.framework;
			name = MetalKit.framework;
			path = System/Library/Frameworks/MetalKit.framework;
			sourceTree = SDKROOT;
		};
		641C00462C7264B800D4C3A1 /* CoreML.framework */ = {
			isa = PBXFileReference;
			lastKnownFileType = wrapper.framework;
			name = CoreML.framework;
			path = System/Library/Frameworks/CoreML.framework;
			sourceTree = SDKROOT;
		};
		641C00482C7264B800D4C3A1 /* Vision.framework */ = {
			isa = PBXFileReference;
			lastKnownFileType = wrapper.framework;
			name = Vision.framework;
			path = System/Library/Frameworks/Vision.framework;
			sourceTree = SDKROOT;
		};
		641C00172C7264B800D4C3A1 /* DepthPlayer.app */ = {
			isa = PBXFileReference;
			explicitFileType = wrapper.application;
			includeInIndex = 0;
			path = "DepthPlayer.app";
			sourceTree = BUILT_PRODUCTS_DIR;
		};
		641C00182C7264B800D4C3A1 /* DepthPlayer */ = {
			isa = PBXNativeTarget;
			buildConfigurationList = 641C00192C7264B800D4C3A1;
			buildPhases = (
				641C001A2C7264B800D4C3A1,
				641C001B2C7264B800D4C3A1,
				641C001C2C7264B800D4C3A1,
			);
			buildRules = ();
			dependencies = ();
			name = DepthPlayer;
			productName = DepthPlayer;
			productReference = 641C00172C7264B800D4C3A1;
			productType = "com.apple.product-type.application";
		};
		641C001A2C7264B800D4C3A1 /* PBXSourcesBuildPhase */ = {
			isa = PBXSourcesBuildPhase;
			buildActionMask = 2147483647;
			files = (
				641C00202C7264B800D4C3A1,
				641C00212C7264B800D4C3A1,
				641C00222C7264B800D4C3A1,
				641C00232C7264B800D4C3A1,
				641C004B2C7264B800D4C3A1,
				641C00512C7264B800D4C3A1,
				641C00532C7264B800D4C3A1,
			);
			runOnlyForDeploymentPostprocessing = 0;
		};
		641C001B2C7264B800D4C3A1 /* PBXFrameworksBuildPhase */ = {
			isa = PBXFrameworksBuildPhase;
			buildActionMask = 2147483647;
			files = (
				641C00432C7264B800D4C3A1,
				641C00452C7264B800D4C3A1,
				641C00472C7264B800D4C3A1,
				641C00492C7264B800D4C3A1,
			);
			runOnlyForDeploymentPostprocessing = 0;
		};
		641C001C2C7264B800D4C3A1 /* PBXResourcesBuildPhase */ = {
			isa = PBXResourcesBuildPhase;
			buildActionMask = 2147483647;
			files = (
				641C000A2C7264B800D4C3A1,
				641C00252C7264B800D4C3A1,
			);
			runOnlyForDeploymentPostprocessing = 0;
		};
		641C00192C7264B800D4C3A1 /* XCConfigurationList */ = {
			isa = XCConfigurationList;
			buildConfigurations = (
				641C00262C7264B800D4C3A1,
				641C00272C7264B800D4C3A1,
			);
			defaultConfigurationIsVisible = 0;
			defaultConfigurationName = Release;
		};
		641C00262C7264B800D4C3A1 /* Debug */ = {
			isa = XCBuildConfiguration;
			buildSettings = {
				ALWAYS_SEARCH_USER_PATHS = NO;
				ASSETCATALOG_COMPILER_APPICON_NAME = AppIcon;
				ASSETCATALOG_COMPILER_GLOBAL_ACCENT_COLOR_NAME = AccentColor;
				CLANG_CXX_LANGUAGE_STANDARD = "gnu++20";
				CODE_SIGN_STYLE = Automatic;
				DEVELOPMENT_TEAM = C7PZLLC2HY;
				INFOPLIST_FILE = "DepthPlayer/Info.plist";
				LD_RUNPATH_SEARCH_PATHS = (
					"$(inherited)",
					"@executable_path/Frameworks",
				);
				PRODUCT_BUNDLE_IDENTIFIER = "com.vision.depth-player";
				PRODUCT_NAME = "$(TARGET_NAME)";
				SDKROOT = xros;
				SUPPORTED_PLATFORMS = "xros xrsimulator";
				SWIFT_VERSION = 6.2;
				TARGETED_DEVICE_FAMILY = 7;
				XROS_DEPLOYMENT_TARGET = 26.0;
			};
			name = Debug;
		};
		641C00272C7264B800D4C3A1 /* Release */ = {
			isa = XCBuildConfiguration;
			buildSettings = {
				ALWAYS_SEARCH_USER_PATHS = NO;
				ASSETCATALOG_COMPILER_APPICON_NAME = AppIcon;
				ASSETCATALOG_COMPILER_GLOBAL_ACCENT_COLOR_NAME = AccentColor;
				CLANG_CXX_LANGUAGE_STANDARD = "gnu++20";
				CODE_SIGN_STYLE = Automatic;
				DEVELOPMENT_TEAM = C7PZLLC2HY;
				INFOPLIST_FILE = "DepthPlayer/Info.plist";
				LD_RUNPATH_SEARCH_PATHS = (
					"$(inherited)",
					"@executable_path/Frameworks",
				);
				PRODUCT_BUNDLE_IDENTIFIER = "com.vision.depth-player";
				PRODUCT_NAME = "$(TARGET_NAME)";
				SDKROOT = xros;
				SUPPORTED_PLATFORMS = "xros xrsimulator";
				SWIFT_VERSION = 6.2;
				TARGETED_DEVICE_FAMILY = 7;
				XROS_DEPLOYMENT_TARGET = 26.0;
			};
			name = Release;
		};
		641C002D2C7264B800D4C3A1 /* Project object */ = {
			isa = PBXProject;
			attributes = {
				BuildIndependentTargetsInParallel = 1;
				LastSwiftUpdateCheck = 1540;
				LastUpgradeCheck = 1540;
			};
			buildConfigurationList = 641C002E2C7264B800D4C3A1;
			compatibilityVersion = "Xcode 14.0";
			developmentRegion = en;
			hasScannedForEncodings = 0;
			knownRegions = (
				en,
				Base,
			);
			mainGroup = 641C002F2C7264B800D4C3A1;
			productRefGroup = 641C00302C7264B800D4C3A1;
			projectDirPath = "";
			projectRoot = "";
			targets = (
				641C00182C7264B800D4C3A1,
			);
		};
		641C002E2C7264B800D4C3A1 /* XCConfigurationList */ = {
			isa = XCConfigurationList;
			buildConfigurations = (
				641C00262C7264B800D4C3A1,
				641C00272C7264B800D4C3A1,
			);
			defaultConfigurationIsVisible = 0;
			defaultConfigurationName = Release;
		};
		641C002F2C7264B800D4C3A1 /* PBXGroup */ = {
			isa = PBXGroup;
			children = (
				641C00112C7264B800D4C3A1,
				641C00122C7264B800D4C3A1,
				641C00132C7264B800D4C3A1,
				641C00142C7264B800D4C3A1,
				641C004A2C7264B800D4C3A1,
				641C00502C7264B800D4C3A1,
				641C00522C7264B800D4C3A1,
				641C00152C7264B800D4C3A1,
				641C00162C7264B800D4C3A1,
				641C00422C7264B800D4C3A1,
				641C00442C7264B800D4C3A1,
				641C00462C7264B800D4C3A1,
				641C00482C7264B800D4C3A1,
				641C00092C7264B800D4C3A1,
			);
			sourceTree = "<group>";
		};
		641C00302C7264B800D4C3A1 /* Products */ = {
			isa = PBXGroup;
			children = (
				641C00172C7264B800D4C3A1,
			);
			name = Products;
			sourceTree = "<group>";
		};
		641C00202C7264B800D4C3A1 /* PBXBuildFile */ = {
			isa = PBXBuildFile;
			fileRef = 641C00112C7264B800D4C3A1;
		};
		641C00212C7264B800D4C3A1 /* PBXBuildFile */ = {
			isa = PBXBuildFile;
			fileRef = 641C00122C7264B800D4C3A1;
		};
		641C00222C7264B800D4C3A1 /* PBXBuildFile */ = {
			isa = PBXBuildFile;
			fileRef = 641C00132C7264B800D4C3A1;
		};
		641C00232C7264B800D4C3A1 /* PBXBuildFile */ = {
			isa = PBXBuildFile;
			fileRef = 641C00142C7264B800D4C3A1;
		};
		641C004B2C7264B800D4C3A1 /* PBXBuildFile */ = {
			isa = PBXBuildFile;
			fileRef = 641C004A2C7264B800D4C3A1;
		};
		641C00512C7264B800D4C3A1 /* PBXBuildFile */ = {
			isa = PBXBuildFile;
			fileRef = 641C00502C7264B800D4C3A1;
		};
		641C00532C7264B800D4C3A1 /* PBXBuildFile */ = {
			isa = PBXBuildFile;
			fileRef = 641C00522C7264B800D4C3A1;
		};
		641C00432C7264B800D4C3A1 /* PBXBuildFile */ = {
			isa = PBXBuildFile;
			fileRef = 641C00422C7264B800D4C3A1;
		};
		641C00452C7264B800D4C3A1 /* PBXBuildFile */ = {
			isa = PBXBuildFile;
			fileRef = 641C00442C7264B800D4C3A1;
		};
		641C00472C7264B800D4C3A1 /* PBXBuildFile */ = {
			isa = PBXBuildFile;
			fileRef = 641C00462C7264B800D4C3A1;
		};
		641C00492C7264B800D4C3A1 /* PBXBuildFile */ = {
			isa = PBXBuildFile;
			fileRef = 641C00482C7264B800D4C3A1;
		};
		641C00242C7264B800D4C3A1 /* PBXBuildFile */ = {
			isa = PBXBuildFile;
			fileRef = 641C00152C7264B800D4C3A1;
		};
		641C00252C7264B800D4C3A1 /* PBXBuildFile */ = {
			isa = PBXBuildFile;
			fileRef = 641C00162C7264B800D4C3A1;
		};
	};
	rootObject = 641C002D2C7264B800D4C3A1;
}
